{
  "name": "8se7z2.run",
  "version": "0.0.0",
  "lockfileVersion": 1,
  "requires": true,
  "dependencies": {
    "@syncfusion/ej2-base": {
      "version": "17.3.16",
      "resolved": "https://registry.npmjs.org/@syncfusion/ej2-base/-/ej2-base-17.3.16.tgz",
      "integrity": "sha512-je31orbvGfOp2TOy2yDURmIhZplNAG4X7niU2VbWKVG+a6Cxf8xykVUPz2w8J25ovBM7T0D2Cq/KbYhFkXgNAw==",
      "requires": {
        "@syncfusion/ej2-icons": "~17.3.14"
      }
    },
    "@syncfusion/ej2-buttons": {
      "version": "17.3.16",
      "resolved": "https://registry.npmjs.org/@syncfusion/ej2-buttons/-/ej2-buttons-17.3.16.tgz",
      "integrity": "sha512-tttFAt5f6wFa+TfRqi/VH7/Sw2XaAJFDiANV8P5SPbMxn1UWvkxzJRXdL6eBStQJ26H1g4p/Xthax9JwhNMs5w==",
      "requires": {
        "@syncfusion/ej2-base": "~17.3.16"
      }
    },
    "@syncfusion/ej2-data": {
      "version": "17.3.14",
      "resolved": "https://registry.npmjs.org/@syncfusion/ej2-data/-/ej2-data-17.3.14.tgz",
      "integrity": "sha512-TDDNKTKtKqa5drJCHvy1Fcd9rAlFieRN7BaFVq9wU4elQ6CcenRfdWrrNQvHBRQqZaPo+hcGby1BLZhZMSLTjg==",
      "requires": {
        "@syncfusion/ej2-base": "~17.3.14"
      }
    },
    "@syncfusion/ej2-dropdowns": {
      "version": "17.3.16",
      "resolved": "https://registry.npmjs.org/@syncfusion/ej2-dropdowns/-/ej2-dropdowns-17.3.16.tgz",
      "integrity": "sha512-bbor7wZ8c2tC7H8FHnvtS0IvrqrPC3+CLOnMSuyH+GHOOyL9q9ZhN1mwW7mieqA7W6ixlTGzHdD/1fiiObTV6w==",
      "requires": {
        "@syncfusion/ej2-base": "~17.3.16",
        "@syncfusion/ej2-data": "~17.3.14",
        "@syncfusion/ej2-inputs": "~17.3.16",
        "@syncfusion/ej2-lists": "~17.3.16",
        "@syncfusion/ej2-popups": "~17.3.16"
      }
    },
    "@syncfusion/ej2-icons": {
      "version": "17.3.14",
      "resolved": "https://registry.npmjs.org/@syncfusion/ej2-icons/-/ej2-icons-17.3.14.tgz",
      "integrity": "sha512-mGqUf1KfPVhDIRgbvJJJ/bMBaBrAhszgqg/UnXeBJVMiktdHEx2aH2G6cV01xYKoDBeq+Lg9NZFMqdRt8IKrMQ=="
    },
    "@syncfusion/ej2-inputs": {
      "version": "17.3.16",
      "resolved": "https://registry.npmjs.org/@syncfusion/ej2-inputs/-/ej2-inputs-17.3.16.tgz",
      "integrity": "sha512-5oy6+Z1rlyncABB/+JJcQnGNByAOAyxXFfHmqjaRatVBZctN4T1cScts0rODe80NzSMRg0cnD86zr2/csWQhVg==",
      "requires": {
        "@syncfusion/ej2-base": "~17.3.16",
        "@syncfusion/ej2-buttons": "~17.3.16",
        "@syncfusion/ej2-popups": "~17.3.16",
        "@syncfusion/ej2-splitbuttons": "~17.3.14"
      }
    },
    "@syncfusion/ej2-lists": {
      "version": "17.3.16",
      "resolved": "https://registry.npmjs.org/@syncfusion/ej2-lists/-/ej2-lists-17.3.16.tgz",
      "integrity": "sha512-X0mDOaSXRSGC806dSJ9d1EQiO8lisb/c40amwCUz/1jIBjGWXj3Cd/PSuUdT+00m2c45MW3CHrPxz2WcXXY3oA==",
      "requires": {
        "@syncfusion/ej2-base": "~17.3.16",
        "@syncfusion/ej2-buttons": "~17.3.16",
        "@syncfusion/ej2-data": "~17.3.14"
      }
    },
    "@syncfusion/ej2-popups": {
      "version": "17.3.16",
      "resolved": "https://registry.npmjs.org/@syncfusion/ej2-popups/-/ej2-popups-17.3.16.tgz",
      "integrity": "sha512-lyrFb04E3aQddxGRDorUHhAeYYkCUgsJy/9g9l033BGqzkZYU9dGrcRHtXzrmgqYeSUYmqGzKrokwLgkWPd0rQ==",
      "requires": {
        "@syncfusion/ej2-base": "~17.3.16",
        "@syncfusion/ej2-buttons": "~17.3.16"
      }
    },
    "@syncfusion/ej2-react-base": {
      "version": "17.3.16",
      "resolved": "https://registry.npmjs.org/@syncfusion/ej2-react-base/-/ej2-react-base-17.3.16.tgz",
      "integrity": "sha512-7GzqpFQ6Sm3FRxtROH+HM8iBfxnzsYavPIkVMWE9XW830Jzb8DGaAp8TCIa7p66Zn6eWUulVtds52xw6DiglDQ==",
      "requires": {
        "@syncfusion/ej2-base": "~17.3.16"
      }
    },
    "@syncfusion/ej2-react-dropdowns": {
      "version": "17.3.16",
      "resolved": "https://registry.npmjs.org/@syncfusion/ej2-react-dropdowns/-/ej2-react-dropdowns-17.3.16.tgz",
      "integrity": "sha512-ynPvhdmFoALdzvkvVNOp8f/AhrgK8sKZ2gkawsO/DnbU4KU/FjzN05k1Q7YbFpDN5fU/G/EyWkH068nsmyLsJw==",
      "requires": {
        "@syncfusion/ej2-base": "~17.3.16",
        "@syncfusion/ej2-dropdowns": "17.3.16",
        "@syncfusion/ej2-react-base": "~17.3.16"
      }
    },
    "@syncfusion/ej2-splitbuttons": {
      "version": "17.3.14",
      "resolved": "https://registry.npmjs.org/@syncfusion/ej2-splitbuttons/-/ej2-splitbuttons-17.3.14.tgz",
      "integrity": "sha512-POJ+Y9PkArwhoxUwiNURWLY8tXgAU/ao2sgXSuDx27HOGPV7Al7QDSoVx464GM2ghW99NxC6tOvIOAeXcXG6kQ==",
      "requires": {
        "@syncfusion/ej2-base": "~17.3.14",
        "@syncfusion/ej2-popups": "~17.3.14"
      }
    },
    "json-loader": {
      "version": "0.5.7",
      "resolved": "https://registry.npmjs.org/json-loader/-/json-loader-0.5.7.tgz",
      "integrity": "sha512-QLPs8Dj7lnf3e3QYS1zkCo+4ZwqOiF9d/nZnYozTISxXWCfNs9yuky5rJw4/W34s7POaNlbZmQGaB5NiXCbP4w=="
    }
  }
}
